<?xml version="1.0" encoding="utf-8"?>
<Project xmlns="http://schemas.microsoft.com/developer/msbuild/2003">
    <PropertyGroup>
        <ProjectGuid>{A1B2C3D4-0001-4001-8001-000000000001}</ProjectGuid>
        <ProjectVersion>20.2</ProjectVersion>
        <FrameworkType>VCL</FrameworkType>
        <MainSource>ReportsHowieRT.dpk</MainSource>
        <Base>True</Base>
        <Config Condition="'$(Config)'==''">Release</Config>
        <Platform Condition="'$(Platform)'==''">Win32</Platform>
        <TargetedPlatforms>1</TargetedPlatforms>
        <AppType>Package</AppType>
    </PropertyGroup>
    <PropertyGroup Condition="'$(Config)'=='Base' or '$(Base)'!=''">
        <Base>true</Base>
    </PropertyGroup>
    <PropertyGroup Condition="'$(Config)'=='Debug' or '$(Cfg_1)'!=''">
        <Base>true</Base>
        <Cfg_1>true</Cfg_1>
    </PropertyGroup>
    <PropertyGroup Condition="'$(Config)'=='Release' or '$(Cfg_2)'!=''">
        <Base>true</Base>
        <Cfg_2>true</Cfg_2>
    </PropertyGroup>
    <PropertyGroup Condition="'$(Base)'!=''">
        <DCC_UnitSearchPath>..\source\core;..\source\model;..\source\expr;..\source\data;..\source\render;..\source\export\pdf;..\source\export\ooxml;..\source\export\html;..\source\preview;..\source\email;$(DCC_UnitSearchPath)</DCC_UnitSearchPath>
        <GenPackage>true</GenPackage>
        <GenDll>true</GenDll>
        <DCC_Description>ReportsHowie - Report Generator (Runtime)</DCC_Description>
        <RuntimeOnlyPackage>true</RuntimeOnlyPackage>
        <DCC_ImageBase>00400000</DCC_ImageBase>
        <DCC_CBuilderOutput>All</DCC_CBuilderOutput>
        <DCC_E>false</DCC_E>
        <DCC_N>false</DCC_N>
        <DCC_S>false</DCC_S>
        <DCC_F>false</DCC_F>
        <DCC_K>false</DCC_K>
        <VerInfo_Locale>1046</VerInfo_Locale>
        <DCC_Namespace>System;Xml;Data;Datasnap;Web;Soap;Vcl;Vcl.Imaging;Vcl.Touch;Vcl.Samples;Vcl.Shell;$(DCC_Namespace)</DCC_Namespace>
    </PropertyGroup>
    <PropertyGroup Condition="'$(Cfg_1)'!=''">
        <DCC_Define>DEBUG;$(DCC_Define)</DCC_Define>
        <DCC_Optimize>false</DCC_Optimize>
        <DCC_GenerateStackFrames>true</DCC_GenerateStackFrames>
        <DCC_DebugInfoInExe>true</DCC_DebugInfoInExe>
    </PropertyGroup>
    <PropertyGroup Condition="'$(Cfg_2)'!=''">
        <DCC_Define>RELEASE;$(DCC_Define)</DCC_Define>
        <DCC_DebugInformation>0</DCC_DebugInformation>
        <DCC_LocalDebugSymbols>false</DCC_LocalDebugSymbols>
        <DCC_SymbolReferenceInfo>0</DCC_SymbolReferenceInfo>
    </PropertyGroup>
    <ItemGroup>
        <DelphiCompile Include="$(MainSource)">
            <MainSource>MainSource</MainSource>
        </DelphiCompile>
        <DCCReference Include="rtl.dcp"/>
        <DCCReference Include="vcl.dcp"/>
        <DCCReference Include="vcldb.dcp"/>
        <DCCReference Include="IndySystem.dcp"/>
        <DCCReference Include="IndyProtocols.dcp"/>
        <DCCReference Include="IndyCore.dcp"/>
        <DCCReference Include="..\source\core\rh.Types.pas"/>
        <DCCReference Include="..\source\core\rh.Consts.pas"/>
        <DCCReference Include="..\source\core\rh.Classes.pas"/>
        <DCCReference Include="..\source\model\rh.Report.pas"/>
        <BuildConfiguration Include="Base">
            <Key>Base</Key>
        </BuildConfiguration>
        <BuildConfiguration Include="Debug">
            <Key>Cfg_1</Key>
            <CfgParent>Base</CfgParent>
        </BuildConfiguration>
        <BuildConfiguration Include="Release">
            <Key>Cfg_2</Key>
            <CfgParent>Base</CfgParent>
        </BuildConfiguration>
    </ItemGroup>
    <Import Project="$(BDS)\Bin\CodeGear.Delphi.Targets" Condition="Exists('$(BDS)\Bin\CodeGear.Delphi.Targets')"/>
</Project>
